
Microsoft Visual Studio Solution File, Format Version 11.00
# Visual Studio 2010
Project("{FAE04EC0-301F-11D3-BF4B-00C04F79EFBC}") = "CiklumTweets", "CiklumTweets\CiklumTweets.csproj", "{6F3CEC83-A863-4685-8AA4-864E2BE5C747}"
EndProject
Project("{FAE04EC0-301F-11D3-BF4B-00C04F79EFBC}") = "DAL", "DAL\DAL.csproj", "{81A63227-A82D-4562-B1B0-A1901DCAD496}"
EndProject
Project("{FAE04EC0-301F-11D3-BF4B-00C04F79EFBC}") = "TwitterRepository", "TwitterRepository\TwitterRepository.csproj", "{CF8AED57-E1C4-4CF3-8621-22255726F1E2}"
EndProject
Global
	GlobalSection(SolutionConfigurationPlatforms) = preSolution
		Debug|Any CPU = Debug|Any CPU
		Release|Any CPU = Release|Any CPU
	EndGlobalSection
	GlobalSection(ProjectConfigurationPlatforms) = postSolution
		{6F3CEC83-A863-4685-8AA4-864E2BE5C747}.Debug|Any CPU.ActiveCfg = Debug|Any CPU
		{6F3CEC83-A863-4685-8AA4-864E2BE5C747}.Debug|Any CPU.Build.0 = Debug|Any CPU
		{6F3CEC83-A863-4685-8AA4-864E2BE5C747}.Debug|Any CPU.Deploy.0 = Debug|Any CPU
		{6F3CEC83-A863-4685-8AA4-864E2BE5C747}.Release|Any CPU.ActiveCfg = Release|Any CPU
		{6F3CEC83-A863-4685-8AA4-864E2BE5C747}.Release|Any CPU.Build.0 = Release|Any CPU
		{6F3CEC83-A863-4685-8AA4-864E2BE5C747}.Release|Any CPU.Deploy.0 = Release|Any CPU
		{81A63227-A82D-4562-B1B0-A1901DCAD496}.Debug|Any CPU.ActiveCfg = Debug|Any CPU
		{81A63227-A82D-4562-B1B0-A1901DCAD496}.Debug|Any CPU.Build.0 = Debug|Any CPU
		{81A63227-A82D-4562-B1B0-A1901DCAD496}.Release|Any CPU.ActiveCfg = Release|Any CPU
		{81A63227-A82D-4562-B1B0-A1901DCAD496}.Release|Any CPU.Build.0 = Release|Any CPU
		{CF8AED57-E1C4-4CF3-8621-22255726F1E2}.Debug|Any CPU.ActiveCfg = Debug|Any CPU
		{CF8AED57-E1C4-4CF3-8621-22255726F1E2}.Debug|Any CPU.Build.0 = Debug|Any CPU
		{CF8AED57-E1C4-4CF3-8621-22255726F1E2}.Release|Any CPU.ActiveCfg = Release|Any CPU
		{CF8AED57-E1C4-4CF3-8621-22255726F1E2}.Release|Any CPU.Build.0 = Release|Any CPU
	EndGlobalSection
	GlobalSection(SolutionProperties) = preSolution
		HideSolutionNode = FALSE
	EndGlobalSection
EndGlobal
